
Microsoft Visual Studio Solution File, Format Version 12.00
# Visual Studio 15
VisualStudioVersion = 15.0.27130.2036
MinimumVisualStudioVersion = 10.0.40219.1
Project("{FAE04EC0-301F-11D3-BF4B-00C04F79EFBC}") = "WinAppThreading", "WinAppThreading\WinAppThreading.csproj", "{B9D2284F-DA1A-479B-9BE6-9171DF6A8C30}"
EndProject
Global
	GlobalSection(SolutionConfigurationPlatforms) = preSolution
		Debug|Any CPU = Debug|Any CPU
		Release|Any CPU = Release|Any CPU
	EndGlobalSection
	GlobalSection(ProjectConfigurationPlatforms) = postSolution
		{B9D2284F-DA1A-479B-9BE6-9171DF6A8C30}.Debug|Any CPU.ActiveCfg = Debug|Any CPU
		{B9D2284F-DA1A-479B-9BE6-9171DF6A8C30}.Debug|Any CPU.Build.0 = Debug|Any CPU
		{B9D2284F-DA1A-479B-9BE6-9171DF6A8C30}.Release|Any CPU.ActiveCfg = Release|Any CPU
		{B9D2284F-DA1A-479B-9BE6-9171DF6A8C30}.Release|Any CPU.Build.0 = Release|Any CPU
	EndGlobalSection
	GlobalSection(SolutionProperties) = preSolution
		HideSolutionNode = FALSE
	EndGlobalSection
	GlobalSection(ExtensibilityGlobals) = postSolution
		SolutionGuid = {D4B0A4B2-23C7-43F7-AD5D-8F2FE1634974}
	EndGlobalSection
EndGlobal
